// !$*UTF8*$!
{
	archiveVersion = 1;
	classes = {
	};
	objectVersion = 46;
	objects = {

/* Begin PBXBuildFile section */
		2F6A8BD21CDD88F500E22C03 /* AppDelegate.swift in Sources */ = {isa = PBXBuildFile; fileRef = 2F6A8BD11CDD88F500E22C03 /* AppDelegate.swift */; };
		2F6A8BD41CDD88F500E22C03 /* RootViewController.swift in Sources */ = {isa = PBXBuildFile; fileRef = 2F6A8BD31CDD88F500E22C03 /* RootViewController.swift */; };
		2F6A8BD61CDD88F500E22C03 /* DataViewController.swift in Sources */ = {isa = PBXBuildFile; fileRef = 2F6A8BD51CDD88F500E22C03 /* DataViewController.swift */; };
		2F6A8BD81CDD88F500E22C03 /* ModelController.swift in Sources */ = {isa = PBXBuildFile; fileRef = 2F6A8BD71CDD88F500E22C03 /* ModelController.swift */; };
		2F6A8BDB1CDD88F500E22C03 /* Main.storyboard in Resources */ = {isa = PBXBuildFile; fileRef = 2F6A8BD91CDD88F500E22C03 /* Main.storyboard */; };
		2F6A8BDD1CDD88F500E22C03 /* Assets.xcassets in Resources */ = {isa = PBXBuildFile; fileRef = 2F6A8BDC1CDD88F500E22C03 /* Assets.xcassets */; };
		2F6A8BE01CDD88F500E22C03 /* LaunchScreen.storyboard in Resources */ = {isa = PBXBuildFile; fileRef = 2F6A8BDE1CDD88F500E22C03 /* LaunchScreen.storyboard */; };
		2F6A8BEB1CDD88F500E22C03 /* IceRingersiOSTests.swift in Sources */ = {isa = PBXBuildFile; fileRef = 2F6A8BEA1CDD88F500E22C03 /* IceRingersiOSTests.swift */; };
		2F6A8BF61CDD88F500E22C03 /* IceRingersiOSUITests.swift in Sources */ = {isa = PBXBuildFile; fileRef = 2F6A8BF51CDD88F500E22C03 /* IceRingersiOSUITests.swift */; };
/* End PBXBuildFile section */

/* Begin PBXContainerItemProxy section */
		2F6A8BE71CDD88F500E22C03 /* PBXContainerItemProxy */ = {
			isa = PBXContainerItemProxy;
			containerPortal = 2F6A8BC61CDD88F500E22C03 /* Project object */;
			proxyType = 1;
			remoteGlobalIDString = 2F6A8BCD1CDD88F500E22C03;
			remoteInfo = IceRingersiOS;
		};
		2F6A8BF21CDD88F500E22C03 /* PBXContainerItemProxy */ = {
			isa = PBXContainerItemProxy;
			containerPortal = 2F6A8BC61CDD88F500E22C03 /* Project object */;
			proxyType = 1;
			remoteGlobalIDString = 2F6A8BCD1CDD88F500E22C03;
			remoteInfo = IceRingersiOS;
		};
/* End PBXContainerItemProxy section */

/* Begin PBXFileReference section */
		2F6A8BCE1CDD88F500E22C03 /* IceRingersiOS.app */ = {isa = PBXFileReference; explicitFileType = wrapper.application; includeInIndex = 0; path = IceRingersiOS.app; sourceTree = BUILT_PRODUCTS_DIR; };
		2F6A8BD11CDD88F500E22C03 /* AppDelegate.swift */ = {isa = PBXFileReference; lastKnownFileType = sourcecode.swift; path = AppDelegate.swift; sourceTree = "<group>"; };
		2F6A8BD31CDD88F500E22C03 /* RootViewController.swift */ = {isa = PBXFileReference; lastKnownFileType = sourcecode.swift; path = RootViewController.swift; sourceTree = "<group>"; };
		2F6A8BD51CDD88F500E22C03 /* DataViewController.swift */ = {isa = PBXFileReference; lastKnownFileType = sourcecode.swift; path = DataViewController.swift; sourceTree = "<group>"; };
		2F6A8BD71CDD88F500E22C03 /* ModelController.swift */ = {isa = PBXFileReference; lastKnownFileType = sourcecode.swift; path = ModelController.swift; sourceTree = "<group>"; };
		2F6A8BDA1CDD88F500E22C03 /* Base */ = {isa = PBXFileReference; lastKnownFileType = file.storyboard; name = Base; path = Base.lproj/Main.storyboard; sourceTree = "<group>"; };
		2F6A8BDC1CDD88F500E22C03 /* Assets.xcassets */ = {isa = PBXFileReference; lastKnownFileType = folder.assetcatalog; path = Assets.xcassets; sourceTree = "<group>"; };
		2F6A8BDF1CDD88F500E22C03 /* Base */ = {isa = PBXFileReference; lastKnownFileType = file.storyboard; name = Base; path = Base.lproj/LaunchScreen.storyboard; sourceTree = "<group>"; };
		2F6A8BE11CDD88F500E22C03 /* Info.plist */ = {isa = PBXFileReference; lastKnownFileType = text.plist.xml; path = Info.plist; sourceTree = "<group>"; };
		2F6A8BE61CDD88F500E22C03 /* IceRingersiOSTests.xctest */ = {isa = PBXFileReference; explicitFileType = wrapper.cfbundle; includeInIndex = 0; path = IceRingersiOSTests.xctest; sourceTree = BUILT_PRODUCTS_DIR; };
		2F6A8BEA1CDD88F500E22C03 /* IceRingersiOSTests.swift */ = {isa = PBXFileReference; lastKnownFileType = sourcecode.swift; path = IceRingersiOSTests.swift; sourceTree = "<group>"; };
		2F6A8BEC1CDD88F500E22C03 /* Info.plist */ = {isa = PBXFileReference; lastKnownFileType = text.plist.xml; path = Info.plist; sourceTree = "<group>"; };
		2F6A8BF11CDD88F500E22C03 /* IceRingersiOSUITests.xctest */ = {isa = PBXFileReference; explicitFileType = wrapper.cfbundle; includeInIndex = 0; path = IceRingersiOSUITests.xctest; sourceTree = BUILT_PRODUCTS_DIR; };
		2F6A8BF51CDD88F500E22C03 /* IceRingersiOSUITests.swift */ = {isa = PBXFileReference; lastKnownFileType = sourcecode.swift; path = IceRingersiOSUITests.swift; sourceTree = "<group>"; };
		2F6A8BF71CDD88F500E22C03 /* Info.plist */ = {isa = PBXFileReference; lastKnownFileType = text.plist.xml; path = Info.plist; sourceTree = "<group>"; };
/* End PBXFileReference section */

/* Begin PBXFrameworksBuildPhase section */
		2F6A8BCB1CDD88F500E22C03 /* Frameworks */ = {
			isa = PBXFrameworksBuildPhase;
			buildActionMask = 2147483647;
			files = (
			);
			runOnlyForDeploymentPostprocessing = 0;
		};
		2F6A8BE31CDD88F500E22C03 /* Frameworks */ = {
			isa = PBXFrameworksBuildPhase;
			buildActionMask = 2147483647;
			files = (
			);
			runOnlyForDeploymentPostprocessing = 0;
		};
		2F6A8BEE1CDD88F500E22C03 /* Frameworks */ = {
			isa = PBXFrameworksBuildPhase;
			buildActionMask = 2147483647;
			files = (
			);
			runOnlyForDeploymentPostprocessing = 0;
		};
/* End PBXFrameworksBuildPhase section */

/* Begin PBXGroup section */
		2F6A8BC51CDD88F500E22C03 = {
			isa = PBXGroup;
			children = (
				2F6A8BD01CDD88F500E22C03 /* IceRingersiOS */,
				2F6A8BE91CDD88F500E22C03 /* IceRingersiOSTests */,
				2F6A8BF41CDD88F500E22C03 /* IceRingersiOSUITests */,
				2F6A8BCF1CDD88F500E22C03 /* Products */,
			);
			sourceTree = "<group>";
		};
		2F6A8BCF1CDD88F500E22C03 /* Products */ = {
			isa = PBXGroup;
			children = (
				2F6A8BCE1CDD88F500E22C03 /* IceRingersiOS.app */,
				2F6A8BE61CDD88F500E22C03 /* IceRingersiOSTests.xctest */,
				2F6A8BF11CDD88F500E22C03 /* IceRingersiOSUITests.xctest */,
			);
			name = Products;
			sourceTree = "<group>";
		};
		2F6A8BD01CDD88F500E22C03 /* IceRingersiOS */ = {
			isa = PBXGroup;
			children = (
				2F6A8BD11CDD88F500E22C03 /* AppDelegate.swift */,
				2F6A8BD31CDD88F500E22C03 /* RootViewController.swift */,
				2F6A8BD51CDD88F500E22C03 /* DataViewController.swift */,
				2F6A8BD71CDD88F500E22C03 /* ModelController.swift */,
				2F6A8BD91CDD88F500E22C03 /* Main.storyboard */,
				2F6A8BDC1CDD88F500E22C03 /* Assets.xcassets */,
				2F6A8BDE1CDD88F500E22C03 /* LaunchScreen.storyboard */,
				2F6A8BE11CDD88F500E22C03 /* Info.plist */,
			);
			path = IceRingersiOS;
			sourceTree = "<group>";
		};
		2F6A8BE91CDD88F500E22C03 /* IceRingersiOSTests */ = {
			isa = PBXGroup;
			children = (
				2F6A8BEA1CDD88F500E22C03 /* IceRingersiOSTests.swift */,
				2F6A8BEC1CDD88F500E22C03 /* Info.plist */,
			);
			path = IceRingersiOSTests;
			sourceTree = "<group>";
		};
		2F6A8BF41CDD88F500E22C03 /* IceRingersiOSUITests */ = {
			isa = PBXGroup;
			children = (
				2F6A8BF51CDD88F500E22C03 /* IceRingersiOSUITests.swift */,
				2F6A8BF71CDD88F500E22C03 /* Info.plist */,
			);
			path = IceRingersiOSUITests;
			sourceTree = "<group>";
		};
/* End PBXGroup section */

/* Begin PBXNativeTarget section */
		2F6A8BCD1CDD88F500E22C03 /* IceRingersiOS */ = {
			isa = PBXNativeTarget;
			buildConfigurationList = 2F6A8BFA1CDD88F500E22C03 /* Build configuration list for PBXNativeTarget "IceRingersiOS" */;
			buildPhases = (
				2F6A8BCA1CDD88F500E22C03 /* Sources */,
				2F6A8BCB1CDD88F500E22C03 /* Frameworks */,
				2F6A8BCC1CDD88F500E22C03 /* Resources */,
			);
			buildRules = (
			);
			dependencies = (
			);
			name = IceRingersiOS;
			productName = IceRingersiOS;
			productReference = 2F6A8BCE1CDD88F500E22C03 /* IceRingersiOS.app */;
			productType = "com.apple.product-type.application";
		};
		2F6A8BE51CDD88F500E22C03 /* IceRingersiOSTests */ = {
			isa = PBXNativeTarget;
			buildConfigurationList = 2F6A8BFD1CDD88F500E22C03 /* Build configuration list for PBXNativeTarget "IceRingersiOSTests" */;
			buildPhases = (
				2F6A8BE21CDD88F500E22C03 /* Sources */,
				2F6A8BE31CDD88F500E22C03 /* Frameworks */,
				2F6A8BE41CDD88F500E22C03 /* Resources */,
			);
			buildRules = (
			);
			dependencies = (
				2F6A8BE81CDD88F500E22C03 /* PBXTargetDependency */,
			);
			name = IceRingersiOSTests;
			productName = IceRingersiOSTests;
			productReference = 2F6A8BE61CDD88F500E22C03 /* IceRingersiOSTests.xctest */;
			productType = "com.apple.product-type.bundle.unit-test";
		};
		2F6A8BF01CDD88F500E22C03 /* IceRingersiOSUITests */ = {
			isa = PBXNativeTarget;
			buildConfigurationList = 2F6A8C001CDD88F500E22C03 /* Build configuration list for PBXNativeTarget "IceRingersiOSUITests" */;
			buildPhases = (
				2F6A8BED1CDD88F500E22C03 /* Sources */,
				2F6A8BEE1CDD88F500E22C03 /* Frameworks */,
				2F6A8BEF1CDD88F500E22C03 /* Resources */,
			);
			buildRules = (
			);
			dependencies = (
				2F6A8BF31CDD88F500E22C03 /* PBXTargetDependency */,
			);
			name = IceRingersiOSUITests;
			productName = IceRingersiOSUITests;
			productReference = 2F6A8BF11CDD88F500E22C03 /* IceRingersiOSUITests.xctest */;
			productType = "com.apple.product-type.bundle.ui-testing";
		};
/* End PBXNativeTarget section */

/* Begin PBXProject section */
		2F6A8BC61CDD88F500E22C03 /* Project object */ = {
			isa = PBXProject;
			attributes = {
				LastSwiftUpdateCheck = 0730;
				LastUpgradeCheck = 0730;
				ORGANIZATIONNAME = "Kael Quet";
				TargetAttributes = {
					2F6A8BCD1CDD88F500E22C03 = {
						CreatedOnToolsVersion = 7.3.1;
						DevelopmentTeam = ANBUMA2F7P;
					};
					2F6A8BE51CDD88F500E22C03 = {
						CreatedOnToolsVersion = 7.3.1;
						DevelopmentTeam = ANBUMA2F7P;
						TestTargetID = 2F6A8BCD1CDD88F500E22C03;
					};
					2F6A8BF01CDD88F500E22C03 = {
						CreatedOnToolsVersion = 7.3.1;
						DevelopmentTeam = ANBUMA2F7P;
						TestTargetID = 2F6A8BCD1CDD88F500E22C03;
					};
				};
			};
			buildConfigurationList = 2F6A8BC91CDD88F500E22C03 /* Build configuration list for PBXProject "IceRingersiOS" */;
			compatibilityVersion = "Xcode 3.2";
			developmentRegion = English;
			hasScannedForEncodings = 0;
			knownRegions = (
				en,
				Base,
			);
			mainGroup = 2F6A8BC51CDD88F500E22C03;
			productRefGroup = 2F6A8BCF1CDD88F500E22C03 /* Products */;
			projectDirPath = "";
			projectRoot = "";
			targets = (
				2F6A8BCD1CDD88F500E22C03 /* IceRingersiOS */,
				2F6A8BE51CDD88F500E22C03 /* IceRingersiOSTests */,
				2F6A8BF01CDD88F500E22C03 /* IceRingersiOSUITests */,
			);
		};
/* End PBXProject section */

/* Begin PBXResourcesBuildPhase section */
		2F6A8BCC1CDD88F500E22C03 /* Resources */ = {
			isa = PBXResourcesBuildPhase;
			buildActionMask = 2147483647;
			files = (
				2F6A8BE01CDD88F500E22C03 /* LaunchScreen.storyboard in Resources */,
				2F6A8BDD1CDD88F500E22C03 /* Assets.xcassets in Resources */,
				2F6A8BDB1CDD88F500E22C03 /* Main.storyboard in Resources */,
			);
			runOnlyForDeploymentPostprocessing = 0;
		};
		2F6A8BE41CDD88F500E22C03 /* Resources */ = {
			isa = PBXResourcesBuildPhase;
			buildActionMask = 2147483647;
			files = (
			);
			runOnlyForDeploymentPostprocessing = 0;
		};
		2F6A8BEF1CDD88F500E22C03 /* Resources */ = {
			isa = PBXResourcesBuildPhase;
			buildActionMask = 2147483647;
			files = (
			);
			runOnlyForDeploymentPostprocessing = 0;
		};
/* End PBXResourcesBuildPhase section */

/* Begin PBXSourcesBuildPhase section */
		2F6A8BCA1CDD88F500E22C03 /* Sources */ = {
			isa = PBXSourcesBuildPhase;
			buildActionMask = 2147483647;
			files = (
				2F6A8BD41CDD88F500E22C03 /* RootViewController.swift in Sources */,
				2F6A8BD81CDD88F500E22C03 /* ModelController.swift in Sources */,
				2F6A8BD61CDD88F500E22C03 /* DataViewController.swift in Sources */,
				2F6A8BD21CDD88F500E22C03 /* AppDelegate.swift in Sources */,
			);
			runOnlyForDeploymentPostprocessing = 0;
		};
		2F6A8BE21CDD88F500E22C03 /* Sources */ = {
			isa = PBXSourcesBuildPhase;
			buildActionMask = 2147483647;
			files = (
				2F6A8BEB1CDD88F500E22C03 /* IceRingersiOSTests.swift in Sources */,
			);
			runOnlyForDeploymentPostprocessing = 0;
		};
		2F6A8BED1CDD88F500E22C03 /* Sources */ = {
			isa = PBXSourcesBuildPhase;
			buildActionMask = 2147483647;
			files = (
				2F6A8BF61CDD88F500E22C03 /* IceRingersiOSUITests.swift in Sources */,
			);
			runOnlyForDeploymentPostprocessing = 0;
		};
/* End PBXSourcesBuildPhase section */

/* Begin PBXTargetDependency section */
		2F6A8BE81CDD88F500E22C03 /* PBXTargetDependency */ = {
			isa = PBXTargetDependency;
			target = 2F6A8BCD1CDD88F500E22C03 /* IceRingersiOS */;
			targetProxy = 2F6A8BE71CDD88F500E22C03 /* PBXContainerItemProxy */;
		};
		2F6A8BF31CDD88F500E22C03 /* PBXTargetDependency */ = {
			isa = PBXTargetDependency;
			target = 2F6A8BCD1CDD88F500E22C03 /* IceRingersiOS */;
			targetProxy = 2F6A8BF21CDD88F500E22C03 /* PBXContainerItemProxy */;
		};
/* End PBXTargetDependency section */

/* Begin PBXVariantGroup section */
		2F6A8BD91CDD88F500E22C03 /* Main.storyboard */ = {
			isa = PBXVariantGroup;
			children = (
				2F6A8BDA1CDD88F500E22C03 /* Base */,
			);
			name = Main.storyboard;
			sourceTree = "<group>";
		};
		2F6A8BDE1CDD88F500E22C03 /* LaunchScreen.storyboard */ = {
			isa = PBXVariantGroup;
			children = (
				2F6A8BDF1CDD88F500E22C03 /* Base */,
			);
			name = LaunchScreen.storyboard;
			sourceTree = "<group>";
		};
/* End PBXVariantGroup section */

/* Begin XCBuildConfiguration section */
		2F6A8BF81CDD88F500E22C03 /* Debug */ = {
			isa = XCBuildConfiguration;
			buildSettings = {
				ALWAYS_SEARCH_USER_PATHS = NO;
				CLANG_ANALYZER_NONNULL = YES;
				CLANG_CXX_LANGUAGE_STANDARD = "gnu++0x";
				CLANG_CXX_LIBRARY = "libc++";
				CLANG_ENABLE_MODULES = YES;
				CLANG_ENABLE_OBJC_ARC = YES;
				CLANG_WARN_BOOL_CONVERSION = YES;
				CLANG_WARN_CONSTANT_CONVERSION = YES;
				CLANG_WARN_DIRECT_OBJC_ISA_USAGE = YES_ERROR;
				CLANG_WARN_EMPTY_BODY = YES;
				CLANG_WARN_ENUM_CONVERSION = YES;
				CLANG_WARN_INT_CONVERSION = YES;
				CLANG_WARN_OBJC_ROOT_CLASS = YES_ERROR;
				CLANG_WARN_UNREACHABLE_CODE = YES;
				CLANG_WARN__DUPLICATE_METHOD_MATCH = YES;
				"CODE_SIGN_IDENTITY[sdk=iphoneos*]" = "iPhone Developer";
				COPY_PHASE_STRIP = NO;
				DEBUG_INFORMATION_FORMAT = dwarf;
				ENABLE_STRICT_OBJC_MSGSEND = YES;
				ENABLE_TESTABILITY = YES;
				GCC_C_LANGUAGE_STANDARD = gnu99;
				GCC_DYNAMIC_NO_PIC = NO;
				GCC_NO_COMMON_BLOCKS = YES;
				GCC_OPTIMIZATION_LEVEL = 0;
				GCC_PREPROCESSOR_DEFINITIONS = (
					"DEBUG=1",
					"$(inherited)",
				);
				GCC_WARN_64_TO_32_BIT_CONVERSION = YES;
				GCC_WARN_ABOUT_RETURN_TYPE = YES_ERROR;
				GCC_WARN_UNDECLARED_SELECTOR = YES;
				GCC_WARN_UNINITIALIZED_AUTOS = YES_AGGRESSIVE;
				GCC_WARN_UNUSED_FUNCTION = YES;
				GCC_WARN_UNUSED_VARIABLE = YES;
				IPHONEOS_DEPLOYMENT_TARGET = 9.3;
				MTL_ENABLE_DEBUG_INFO = YES;
				ONLY_ACTIVE_ARCH = YES;
				SDKROOT = iphoneos;
				SWIFT_OPTIMIZATION_LEVEL = "-Onone";
				TARGETED_DEVICE_FAMILY = "1,2";
			};
			name = Debug;
		};
		2F6A8BF91CDD88F500E22C03 /* Release */ = {
			isa = XCBuildConfiguration;
			buildSettings = {
				ALWAYS_SEARCH_USER_PATHS = NO;
				CLANG_ANALYZER_NONNULL = YES;
				CLANG_CXX_LANGUAGE_STANDARD = "gnu++0x";
				CLANG_CXX_LIBRARY = "libc++";
				CLANG_ENABLE_MODULES = YES;
				CLANG_ENABLE_OBJC_ARC = YES;
				CLANG_WARN_BOOL_CONVERSION = YES;
				CLANG_WARN_CONSTANT_CONVERSION = YES;
				CLANG_WARN_DIRECT_OBJC_ISA_USAGE = YES_ERROR;
				CLANG_WARN_EMPTY_BODY = YES;
				CLANG_WARN_ENUM_CONVERSION = YES;
				CLANG_WARN_INT_CONVERSION = YES;
				CLANG_WARN_OBJC_ROOT_CLASS = YES_ERROR;
				CLANG_WARN_UNREACHABLE_CODE = YES;
				CLANG_WARN__DUPLICATE_METHOD_MATCH = YES;
				"CODE_SIGN_IDENTITY[sdk=iphoneos*]" = "iPhone Developer";
				COPY_PHASE_STRIP = NO;
				DEBUG_INFORMATION_FORMAT = "dwarf-with-dsym";
				ENABLE_NS_ASSERTIONS = NO;
				ENABLE_STRICT_OBJC_MSGSEND = YES;
				GCC_C_LANGUAGE_STANDARD = gnu99;
				GCC_NO_COMMON_BLOCKS = YES;
				GCC_WARN_64_TO_32_BIT_CONVERSION = YES;
				GCC_WARN_ABOUT_RETURN_TYPE = YES_ERROR;
				GCC_WARN_UNDECLARED_SELECTOR = YES;
				GCC_WARN_UNINITIALIZED_AUTOS = YES_AGGRESSIVE;
				GCC_WARN_UNUSED_FUNCTION = YES;
				GCC_WARN_UNUSED_VARIABLE = YES;
				IPHONEOS_DEPLOYMENT_TARGET = 9.3;
				MTL_ENABLE_DEBUG_INFO = NO;
				SDKROOT = iphoneos;
				TARGETED_DEVICE_FAMILY = "1,2";
				VALIDATE_PRODUCT = YES;
			};
			name = Release;
		};
		2F6A8BFB1CDD88F500E22C03 /* Debug */ = {
			isa = XCBuildConfiguration;
			buildSettings = {
				ASSETCATALOG_COMPILER_APPICON_NAME = AppIcon;
				INFOPLIST_FILE = IceRingersiOS/Info.plist;
				LD_RUNPATH_SEARCH_PATHS = "$(inherited) @executable_path/Frameworks";
				PRODUCT_BUNDLE_IDENTIFIER = kaelquet.IceRingersiOS;
				PRODUCT_NAME = "$(TARGET_NAME)";
			};
			name = Debug;
		};
		2F6A8BFC1CDD88F500E22C03 /* Release */ = {
			isa = XCBuildConfiguration;
			buildSettings = {
				ASSETCATALOG_COMPILER_APPICON_NAME = AppIcon;
				INFOPLIST_FILE = IceRingersiOS/Info.plist;
				LD_RUNPATH_SEARCH_PATHS = "$(inherited) @executable_path/Frameworks";
				PRODUCT_BUNDLE_IDENTIFIER = kaelquet.IceRingersiOS;
				PRODUCT_NAME = "$(TARGET_NAME)";
			};
			name = Release;
		};
		2F6A8BFE1CDD88F500E22C03 /* Debug */ = {
			isa = XCBuildConfiguration;
			buildSettings = {
				BUNDLE_LOADER = "$(TEST_HOST)";
				INFOPLIST_FILE = IceRingersiOSTests/Info.plist;
				LD_RUNPATH_SEARCH_PATHS = "$(inherited) @executable_path/Frameworks @loader_path/Frameworks";
				PRODUCT_BUNDLE_IDENTIFIER = kaelquet.IceRingersiOSTests;
				PRODUCT_NAME = "$(TARGET_NAME)";
				TEST_HOST = "$(BUILT_PRODUCTS_DIR)/IceRingersiOS.app/IceRingersiOS";
			};
			name = Debug;
		};
		2F6A8BFF1CDD88F500E22C03 /* Release */ = {
			isa = XCBuildConfiguration;
			buildSettings = {
				BUNDLE_LOADER = "$(TEST_HOST)";
				INFOPLIST_FILE = IceRingersiOSTests/Info.plist;
				LD_RUNPATH_SEARCH_PATHS = "$(inherited) @executable_path/Frameworks @loader_path/Frameworks";
				PRODUCT_BUNDLE_IDENTIFIER = kaelquet.IceRingersiOSTests;
				PRODUCT_NAME = "$(TARGET_NAME)";
				TEST_HOST = "$(BUILT_PRODUCTS_DIR)/IceRingersiOS.app/IceRingersiOS";
			};
			name = Release;
		};
		2F6A8C011CDD88F500E22C03 /* Debug */ = {
			isa = XCBuildConfiguration;
			buildSettings = {
				INFOPLIST_FILE = IceRingersiOSUITests/Info.plist;
				LD_RUNPATH_SEARCH_PATHS = "$(inherited) @executable_path/Frameworks @loader_path/Frameworks";
				PRODUCT_BUNDLE_IDENTIFIER = kaelquet.IceRingersiOSUITests;
				PRODUCT_NAME = "$(TARGET_NAME)";
				TEST_TARGET_NAME = IceRingersiOS;
			};
			name = Debug;
		};
		2F6A8C021CDD88F500E22C03 /* Release */ = {
			isa = XCBuildConfiguration;
			buildSettings = {
				INFOPLIST_FILE = IceRingersiOSUITests/Info.plist;
				LD_RUNPATH_SEARCH_PATHS = "$(inherited) @executable_path/Frameworks @loader_path/Frameworks";
				PRODUCT_BUNDLE_IDENTIFIER = kaelquet.IceRingersiOSUITests;
				PRODUCT_NAME = "$(TARGET_NAME)";
				TEST_TARGET_NAME = IceRingersiOS;
			};
			name = Release;
		};
/* End XCBuildConfiguration section */

/* Begin XCConfigurationList section */
		2F6A8BC91CDD88F500E22C03 /* Build configuration list for PBXProject "IceRingersiOS" */ = {
			isa = XCConfigurationList;
			buildConfigurations = (
				2F6A8BF81CDD88F500E22C03 /* Debug */,
				2F6A8BF91CDD88F500E22C03 /* Release */,
			);
			defaultConfigurationIsVisible = 0;
			defaultConfigurationName = Release;
		};
		2F6A8BFA1CDD88F500E22C03 /* Build configuration list for PBXNativeTarget "IceRingersiOS" */ = {
			isa = XCConfigurationList;
			buildConfigurations = (
				2F6A8BFB1CDD88F500E22C03 /* Debug */,
				2F6A8BFC1CDD88F500E22C03 /* Release */,
			);
			defaultConfigurationIsVisible = 0;
		};
		2F6A8BFD1CDD88F500E22C03 /* Build configuration list for PBXNativeTarget "IceRingersiOSTests" */ = {
			isa = XCConfigurationList;
			buildConfigurations = (
				2F6A8BFE1CDD88F500E22C03 /* Debug */,
				2F6A8BFF1CDD88F500E22C03 /* Release */,
			);
			defaultConfigurationIsVisible = 0;
		};
		2F6A8C001CDD88F500E22C03 /* Build configuration list for PBXNativeTarget "IceRingersiOSUITests" */ = {
			isa = XCConfigurationList;
			buildConfigurations = (
				2F6A8C011CDD88F500E22C03 /* Debug */,
				2F6A8C021CDD88F500E22C03 /* Release */,
			);
			defaultConfigurationIsVisible = 0;
		};
/* End XCConfigurationList section */
	};
	rootObject = 2F6A8BC61CDD88F500E22C03 /* Project object */;
}
